<?xml version="1.0" encoding="UTF-8"?>
<!DOCTYPE plist PUBLIC "-//Apple//DTD PLIST 1.0//EN" "http://www.apple.com/DTDs/PropertyList-1.0.dtd">
<plist version="1.0">
<dict>
	<key>archiveVersion</key>
	<string>1</string>
	<key>classes</key>
	<dict/>
	<key>objectVersion</key>
	<string>46</string>
	<key>objects</key>
	<dict>
		<key>2D0729E0C2CE3CCFED579C82</key>
		<dict>
			<key>children</key>
			<array>
				<string>6D117DFF23E84EA95E56CE54</string>
				<string>B41C7DF8D13B8D957B9DDF87</string>
			</array>
			<key>isa</key>
			<string>PBXGroup</string>
			<key>name</key>
			<string>Pods</string>
			<key>sourceTree</key>
			<string>&lt;group&gt;</string>
		</dict>
		<key>39EB9B96F65A063234A7EB11</key>
		<dict>
			<key>buildActionMask</key>
			<string>2147483647</string>
			<key>files</key>
			<array/>
			<key>inputPaths</key>
			<array/>
			<key>isa</key>
			<string>PBXShellScriptBuildPhase</string>
			<key>name</key>
			<string>[CP] Check Pods Manifest.lock</string>
			<key>outputPaths</key>
			<array/>
			<key>runOnlyForDeploymentPostprocessing</key>
			<string>0</string>
			<key>shellPath</key>
			<string>/bin/sh</string>
			<key>shellScript</key>
			<string>diff "${PODS_ROOT}/../Podfile.lock" "${PODS_ROOT}/Manifest.lock" &gt; /dev/null
if [[ $? != 0 ]] ; then
    cat &lt;&lt; EOM
error: The sandbox is not in sync with the Podfile.lock. Run 'pod install' or update your CocoaPods installation.
EOM
    exit 1
fi
</string>
			<key>showEnvVarsInLog</key>
			<string>0</string>
		</dict>
		<key>3ACB7E8B46105CE94B60AB2F</key>
		<dict>
			<key>fileRef</key>
			<string>9C25C1C43DEB23186D003622</string>
			<key>isa</key>
			<string>PBXBuildFile</string>
		</dict>
		<key>5729B58556D832642CE058CF</key>
		<dict>
			<key>buildActionMask</key>
			<string>2147483647</string>
			<key>files</key>
			<array/>
			<key>inputPaths</key>
			<array/>
			<key>isa</key>
			<string>PBXShellScriptBuildPhase</string>
			<key>name</key>
			<string>[CP] Embed Pods Frameworks</string>
			<key>outputPaths</key>
			<array/>
			<key>runOnlyForDeploymentPostprocessing</key>
			<string>0</string>
			<key>shellPath</key>
			<string>/bin/sh</string>
			<key>shellScript</key>
			<string>"${SRCROOT}/Pods/Target Support Files/Pods-YUWieBo/Pods-YUWieBo-frameworks.sh"
</string>
			<key>showEnvVarsInLog</key>
			<string>0</string>
		</dict>
		<key>6D117DFF23E84EA95E56CE54</key>
		<dict>
			<key>includeInIndex</key>
			<string>1</string>
			<key>isa</key>
			<string>PBXFileReference</string>
			<key>lastKnownFileType</key>
			<string>text.xcconfig</string>
			<key>name</key>
			<string>Pods-YUWieBo.debug.xcconfig</string>
			<key>path</key>
			<string>Pods/Target Support Files/Pods-YUWieBo/Pods-YUWieBo.debug.xcconfig</string>
			<key>sourceTree</key>
			<string>&lt;group&gt;</string>
		</dict>
		<key>6EA2D09DC5C8DAF02E830EC6</key>
		<dict>
			<key>children</key>
			<array>
				<string>9C25C1C43DEB23186D003622</string>
			</array>
			<key>isa</key>
			<string>PBXGroup</string>
			<key>name</key>
			<string>Frameworks</string>
			<key>sourceTree</key>
			<string>&lt;group&gt;</string>
		</dict>
		<key>8C42D3E3CD3357DBDFABC17A</key>
		<dict>
			<key>buildActionMask</key>
			<string>2147483647</string>
			<key>files</key>
			<array/>
			<key>inputPaths</key>
			<array/>
			<key>isa</key>
			<string>PBXShellScriptBuildPhase</string>
			<key>name</key>
			<string>[CP] Copy Pods Resources</string>
			<key>outputPaths</key>
			<array/>
			<key>runOnlyForDeploymentPostprocessing</key>
			<string>0</string>
			<key>shellPath</key>
			<string>/bin/sh</string>
			<key>shellScript</key>
			<string>"${SRCROOT}/Pods/Target Support Files/Pods-YUWieBo/Pods-YUWieBo-resources.sh"
</string>
			<key>showEnvVarsInLog</key>
			<string>0</string>
		</dict>
		<key>9C25C1C43DEB23186D003622</key>
		<dict>
			<key>explicitFileType</key>
			<string>wrapper.framework</string>
			<key>includeInIndex</key>
			<string>0</string>
			<key>isa</key>
			<string>PBXFileReference</string>
			<key>path</key>
			<string>Pods_YUWieBo.framework</string>
			<key>sourceTree</key>
			<string>BUILT_PRODUCTS_DIR</string>
		</dict>
		<key>B41C7DF8D13B8D957B9DDF87</key>
		<dict>
			<key>includeInIndex</key>
			<string>1</string>
			<key>isa</key>
			<string>PBXFileReference</string>
			<key>lastKnownFileType</key>
			<string>text.xcconfig</string>
			<key>name</key>
			<string>Pods-YUWieBo.release.xcconfig</string>
			<key>path</key>
			<string>Pods/Target Support Files/Pods-YUWieBo/Pods-YUWieBo.release.xcconfig</string>
			<key>sourceTree</key>
			<string>&lt;group&gt;</string>
		</dict>
		<key>E71A1F001D8213BE00F2A520</key>
		<dict>
			<key>fileEncoding</key>
			<string>4</string>
			<key>isa</key>
			<string>PBXFileReference</string>
			<key>lastKnownFileType</key>
			<string>sourcecode.swift</string>
			<key>path</key>
			<string>UIBarButtonItem_Extension.swift</string>
			<key>sourceTree</key>
			<string>&lt;group&gt;</string>
		</dict>
		<key>E71A1F011D8213BE00F2A520</key>
		<dict>
			<key>fileRef</key>
			<string>E71A1F001D8213BE00F2A520</string>
			<key>isa</key>
			<string>PBXBuildFile</string>
		</dict>
		<key>E71A1F021D829F5400F2A520</key>
		<dict>
			<key>fileEncoding</key>
			<string>4</string>
			<key>isa</key>
			<string>PBXFileReference</string>
			<key>lastKnownFileType</key>
			<string>sourcecode.swift</string>
			<key>path</key>
			<string>TitleButton.swift</string>
			<key>sourceTree</key>
			<string>&lt;group&gt;</string>
		</dict>
		<key>E71A1F031D829F5400F2A520</key>
		<dict>
			<key>fileRef</key>
			<string>E71A1F021D829F5400F2A520</string>
			<key>isa</key>
			<string>PBXBuildFile</string>
		</dict>
		<key>E71A1F041D82B0B900F2A520</key>
		<dict>
			<key>children</key>
			<array>
				<string>E71A1F051D82B13A00F2A520</string>
				<string>E71A1F061D82B13A00F2A520</string>
				<string>E71A1F091D82DBCF00F2A520</string>
				<string>E71A1F0B1D8318D700F2A520</string>
			</array>
			<key>isa</key>
			<string>PBXGroup</string>
			<key>path</key>
			<string>UIPopover</string>
			<key>sourceTree</key>
			<string>&lt;group&gt;</string>
		</dict>
		<key>E71A1F051D82B13A00F2A520</key>
		<dict>
			<key>fileEncoding</key>
			<string>4</string>
			<key>isa</key>
			<string>PBXFileReference</string>
			<key>lastKnownFileType</key>
			<string>sourcecode.swift</string>
			<key>path</key>
			<string>PopoverViewController.swift</string>
			<key>sourceTree</key>
			<string>&lt;group&gt;</string>
		</dict>
		<key>E71A1F061D82B13A00F2A520</key>
		<dict>
			<key>fileEncoding</key>
			<string>4</string>
			<key>isa</key>
			<string>PBXFileReference</string>
			<key>lastKnownFileType</key>
			<string>file.xib</string>
			<key>path</key>
			<string>PopoverViewController.xib</string>
			<key>sourceTree</key>
			<string>&lt;group&gt;</string>
		</dict>
		<key>E71A1F071D82B13A00F2A520</key>
		<dict>
			<key>fileRef</key>
			<string>E71A1F051D82B13A00F2A520</string>
			<key>isa</key>
			<string>PBXBuildFile</string>
		</dict>
		<key>E71A1F081D82B13A00F2A520</key>
		<dict>
			<key>fileRef</key>
			<string>E71A1F061D82B13A00F2A520</string>
			<key>isa</key>
			<string>PBXBuildFile</string>
		</dict>
		<key>E71A1F091D82DBCF00F2A520</key>
		<dict>
			<key>fileEncoding</key>
			<string>4</string>
			<key>isa</key>
			<string>PBXFileReference</string>
			<key>lastKnownFileType</key>
			<string>sourcecode.swift</string>
			<key>path</key>
			<string>PopPresentationController.swift</string>
			<key>sourceTree</key>
			<string>&lt;group&gt;</string>
		</dict>
		<key>E71A1F0A1D82DBCF00F2A520</key>
		<dict>
			<key>fileRef</key>
			<string>E71A1F091D82DBCF00F2A520</string>
			<key>isa</key>
			<string>PBXBuildFile</string>
		</dict>
		<key>E71A1F0B1D8318D700F2A520</key>
		<dict>
			<key>fileEncoding</key>
			<string>4</string>
			<key>isa</key>
			<string>PBXFileReference</string>
			<key>lastKnownFileType</key>
			<string>sourcecode.swift</string>
			<key>path</key>
			<string>PopoverAnimator.swift</string>
			<key>sourceTree</key>
			<string>&lt;group&gt;</string>
		</dict>
		<key>E71A1F0C1D8318D700F2A520</key>
		<dict>
			<key>fileRef</key>
			<string>E71A1F0B1D8318D700F2A520</string>
			<key>isa</key>
			<string>PBXBuildFile</string>
		</dict>
		<key>E74451A51D81C91000262063</key>
		<dict>
			<key>children</key>
			<array>
				<string>E74451A61D81C91000262063</string>
				<string>E74451A71D81C91000262063</string>
				<string>E74451AA1D81C92900262063</string>
			</array>
			<key>isa</key>
			<string>PBXGroup</string>
			<key>path</key>
			<string>Visitor</string>
			<key>sourceTree</key>
			<string>&lt;group&gt;</string>
		</dict>
		<key>E74451A61D81C91000262063</key>
		<dict>
			<key>fileEncoding</key>
			<string>4</string>
			<key>isa</key>
			<string>PBXFileReference</string>
			<key>lastKnownFileType</key>
			<string>sourcecode.swift</string>
			<key>path</key>
			<string>BaseViewController.swift</string>
			<key>sourceTree</key>
			<string>&lt;group&gt;</string>
		</dict>
		<key>E74451A71D81C91000262063</key>
		<dict>
			<key>fileEncoding</key>
			<string>4</string>
			<key>isa</key>
			<string>PBXFileReference</string>
			<key>lastKnownFileType</key>
			<string>sourcecode.swift</string>
			<key>path</key>
			<string>VisitorView.swift</string>
			<key>sourceTree</key>
			<string>&lt;group&gt;</string>
		</dict>
		<key>E74451A81D81C91000262063</key>
		<dict>
			<key>fileRef</key>
			<string>E74451A61D81C91000262063</string>
			<key>isa</key>
			<string>PBXBuildFile</string>
		</dict>
		<key>E74451A91D81C91000262063</key>
		<dict>
			<key>fileRef</key>
			<string>E74451A71D81C91000262063</string>
			<key>isa</key>
			<string>PBXBuildFile</string>
		</dict>
		<key>E74451AA1D81C92900262063</key>
		<dict>
			<key>fileEncoding</key>
			<string>4</string>
			<key>isa</key>
			<string>PBXFileReference</string>
			<key>lastKnownFileType</key>
			<string>file.xib</string>
			<key>path</key>
			<string>VisitorView.xib</string>
			<key>sourceTree</key>
			<string>&lt;group&gt;</string>
		</dict>
		<key>E74451AB1D81C92900262063</key>
		<dict>
			<key>fileRef</key>
			<string>E74451AA1D81C92900262063</string>
			<key>isa</key>
			<string>PBXBuildFile</string>
		</dict>
		<key>E74915061D819FAD00231A37</key>
		<dict>
			<key>children</key>
			<array>
				<string>E74915071D819FAD00231A37</string>
				<string>E71A1F021D829F5400F2A520</string>
			</array>
			<key>isa</key>
			<string>PBXGroup</string>
			<key>path</key>
			<string>Tools</string>
			<key>sourceTree</key>
			<string>&lt;group&gt;</string>
		</dict>
		<key>E74915071D819FAD00231A37</key>
		<dict>
			<key>children</key>
			<array>
				<string>E74915081D819FEC00231A37</string>
				<string>E71A1F001D8213BE00F2A520</string>
			</array>
			<key>isa</key>
			<string>PBXGroup</string>
			<key>path</key>
			<string>extension</string>
			<key>sourceTree</key>
			<string>&lt;group&gt;</string>
		</dict>
		<key>E74915081D819FEC00231A37</key>
		<dict>
			<key>fileEncoding</key>
			<string>4</string>
			<key>isa</key>
			<string>PBXFileReference</string>
			<key>lastKnownFileType</key>
			<string>sourcecode.swift</string>
			<key>path</key>
			<string>UIButton_extension.swift</string>
			<key>sourceTree</key>
			<string>&lt;group&gt;</string>
		</dict>
		<key>E74915091D819FEC00231A37</key>
		<dict>
			<key>fileRef</key>
			<string>E74915081D819FEC00231A37</string>
			<key>isa</key>
			<string>PBXBuildFile</string>
		</dict>
		<key>E7AA19DF1D81367B006B5024</key>
		<dict>
			<key>children</key>
			<array>
				<string>E7AA19EA1D81367B006B5024</string>
				<string>E7AA19E91D81367B006B5024</string>
				<string>2D0729E0C2CE3CCFED579C82</string>
				<string>6EA2D09DC5C8DAF02E830EC6</string>
			</array>
			<key>isa</key>
			<string>PBXGroup</string>
			<key>sourceTree</key>
			<string>&lt;group&gt;</string>
		</dict>
		<key>E7AA19E01D81367B006B5024</key>
		<dict>
			<key>attributes</key>
			<dict>
				<key>LastSwiftUpdateCheck</key>
				<string>0800</string>
				<key>LastUpgradeCheck</key>
				<string>0800</string>
				<key>ORGANIZATIONNAME</key>
				<string>han</string>
				<key>TargetAttributes</key>
				<dict>
					<key>E7AA19E71D81367B006B5024</key>
					<dict>
						<key>CreatedOnToolsVersion</key>
						<string>8.0</string>
						<key>DevelopmentTeam</key>
						<string>8QX4385746</string>
						<key>ProvisioningStyle</key>
						<string>Automatic</string>
					</dict>
				</dict>
			</dict>
			<key>buildConfigurationList</key>
			<string>E7AA19E31D81367B006B5024</string>
			<key>compatibilityVersion</key>
			<string>Xcode 3.2</string>
			<key>developmentRegion</key>
			<string>English</string>
			<key>hasScannedForEncodings</key>
			<string>0</string>
			<key>isa</key>
			<string>PBXProject</string>
			<key>knownRegions</key>
			<array>
				<string>en</string>
				<string>Base</string>
			</array>
			<key>mainGroup</key>
			<string>E7AA19DF1D81367B006B5024</string>
			<key>productRefGroup</key>
			<string>E7AA19E91D81367B006B5024</string>
			<key>projectDirPath</key>
			<string></string>
			<key>projectReferences</key>
			<array/>
			<key>projectRoot</key>
			<string></string>
			<key>targets</key>
			<array>
				<string>E7AA19E71D81367B006B5024</string>
			</array>
		</dict>
		<key>E7AA19E31D81367B006B5024</key>
		<dict>
			<key>buildConfigurations</key>
			<array>
				<string>E7AA19F81D81367B006B5024</string>
				<string>E7AA19F91D81367B006B5024</string>
			</array>
			<key>defaultConfigurationIsVisible</key>
			<string>0</string>
			<key>defaultConfigurationName</key>
			<string>Release</string>
			<key>isa</key>
			<string>XCConfigurationList</string>
		</dict>
		<key>E7AA19E41D81367B006B5024</key>
		<dict>
			<key>buildActionMask</key>
			<string>2147483647</string>
			<key>files</key>
			<array>
				<string>E7AA1A0F1D815D47006B5024</string>
				<string>E7AA19EC1D81367B006B5024</string>
				<string>E71A1F011D8213BE00F2A520</string>
				<string>E7AA1A071D815C9B006B5024</string>
				<string>E71A1F071D82B13A00F2A520</string>
				<string>E71A1F031D829F5400F2A520</string>
				<string>E7AA1A0B1D815D12006B5024</string>
				<string>E71A1F0A1D82DBCF00F2A520</string>
				<string>E71A1F0C1D8318D700F2A520</string>
				<string>E7AA1A091D815CDB006B5024</string>
				<string>E74451A81D81C91000262063</string>
				<string>E74451A91D81C91000262063</string>
				<string>E7AA1A0D1D815D2E006B5024</string>
				<string>E74915091D819FEC00231A37</string>
			</array>
			<key>isa</key>
			<string>PBXSourcesBuildPhase</string>
			<key>runOnlyForDeploymentPostprocessing</key>
			<string>0</string>
		</dict>
		<key>E7AA19E51D81367B006B5024</key>
		<dict>
			<key>buildActionMask</key>
			<string>2147483647</string>
			<key>files</key>
			<array>
				<string>3ACB7E8B46105CE94B60AB2F</string>
			</array>
			<key>isa</key>
			<string>PBXFrameworksBuildPhase</string>
			<key>runOnlyForDeploymentPostprocessing</key>
			<string>0</string>
		</dict>
		<key>E7AA19E61D81367B006B5024</key>
		<dict>
			<key>buildActionMask</key>
			<string>2147483647</string>
			<key>files</key>
			<array>
				<string>E7AA19F61D81367B006B5024</string>
				<string>E74451AB1D81C92900262063</string>
				<string>E7EFB4B51D816F8200FC7FA7</string>
				<string>E7EFB4BC1D816FC700FC7FA7</string>
				<string>E7AA19F31D81367B006B5024</string>
				<string>E7AA1A051D815C64006B5024</string>
				<string>E71A1F081D82B13A00F2A520</string>
				<string>E7EFB4BF1D81734F00FC7FA7</string>
				<string>E7EFB4B71D816F9A00FC7FA7</string>
				<string>E7EFB4BA1D816FB100FC7FA7</string>
				<string>E7AA19F11D81367B006B5024</string>
			</array>
			<key>isa</key>
			<string>PBXResourcesBuildPhase</string>
			<key>runOnlyForDeploymentPostprocessing</key>
			<string>0</string>
		</dict>
		<key>E7AA19E71D81367B006B5024</key>
		<dict>
			<key>buildConfigurationList</key>
			<string>E7AA19FA1D81367B006B5024</string>
			<key>buildPhases</key>
			<array>
				<string>39EB9B96F65A063234A7EB11</string>
				<string>E7AA19E41D81367B006B5024</string>
				<string>E7AA19E51D81367B006B5024</string>
				<string>E7AA19E61D81367B006B5024</string>
				<string>5729B58556D832642CE058CF</string>
				<string>8C42D3E3CD3357DBDFABC17A</string>
			</array>
			<key>buildRules</key>
			<array/>
			<key>dependencies</key>
			<array/>
			<key>isa</key>
			<string>PBXNativeTarget</string>
			<key>name</key>
			<string>YUWieBo</string>
			<key>productName</key>
			<string>YUWieBo</string>
			<key>productReference</key>
			<string>E7AA19E81D81367B006B5024</string>
			<key>productType</key>
			<string>com.apple.product-type.application</string>
		</dict>
		<key>E7AA19E81D81367B006B5024</key>
		<dict>
			<key>explicitFileType</key>
			<string>wrapper.application</string>
			<key>includeInIndex</key>
			<string>0</string>
			<key>isa</key>
			<string>PBXFileReference</string>
			<key>path</key>
			<string>YUWieBo.app</string>
			<key>sourceTree</key>
			<string>BUILT_PRODUCTS_DIR</string>
		</dict>
		<key>E7AA19E91D81367B006B5024</key>
		<dict>
			<key>children</key>
			<array>
				<string>E7AA19E81D81367B006B5024</string>
			</array>
			<key>isa</key>
			<string>PBXGroup</string>
			<key>name</key>
			<string>Products</string>
			<key>sourceTree</key>
			<string>&lt;group&gt;</string>
		</dict>
		<key>E7AA19EA1D81367B006B5024</key>
		<dict>
			<key>children</key>
			<array>
				<string>E7AA19FD1D813EE2006B5024</string>
				<string>E7AA19EB1D81367B006B5024</string>
				<string>E7AA19EF1D81367B006B5024</string>
				<string>E7AA19F21D81367B006B5024</string>
				<string>E7AA19F41D81367B006B5024</string>
				<string>E7AA19F71D81367B006B5024</string>
			</array>
			<key>isa</key>
			<string>PBXGroup</string>
			<key>path</key>
			<string>YUWieBo</string>
			<key>sourceTree</key>
			<string>&lt;group&gt;</string>
		</dict>
		<key>E7AA19EB1D81367B006B5024</key>
		<dict>
			<key>isa</key>
			<string>PBXFileReference</string>
			<key>lastKnownFileType</key>
			<string>sourcecode.swift</string>
			<key>path</key>
			<string>AppDelegate.swift</string>
			<key>sourceTree</key>
			<string>&lt;group&gt;</string>
		</dict>
		<key>E7AA19EC1D81367B006B5024</key>
		<dict>
			<key>fileRef</key>
			<string>E7AA19EB1D81367B006B5024</string>
			<key>isa</key>
			<string>PBXBuildFile</string>
		</dict>
		<key>E7AA19EF1D81367B006B5024</key>
		<dict>
			<key>children</key>
			<array>
				<string>E7AA19F01D81367B006B5024</string>
			</array>
			<key>isa</key>
			<string>PBXVariantGroup</string>
			<key>name</key>
			<string>Main.storyboard</string>
			<key>sourceTree</key>
			<string>&lt;group&gt;</string>
		</dict>
		<key>E7AA19F01D81367B006B5024</key>
		<dict>
			<key>isa</key>
			<string>PBXFileReference</string>
			<key>lastKnownFileType</key>
			<string>file.storyboard</string>
			<key>name</key>
			<string>Base</string>
			<key>path</key>
			<string>Base.lproj/Main.storyboard</string>
			<key>sourceTree</key>
			<string>&lt;group&gt;</string>
		</dict>
		<key>E7AA19F11D81367B006B5024</key>
		<dict>
			<key>fileRef</key>
			<string>E7AA19EF1D81367B006B5024</string>
			<key>isa</key>
			<string>PBXBuildFile</string>
		</dict>
		<key>E7AA19F21D81367B006B5024</key>
		<dict>
			<key>isa</key>
			<string>PBXFileReference</string>
			<key>lastKnownFileType</key>
			<string>folder.assetcatalog</string>
			<key>path</key>
			<string>Assets.xcassets</string>
			<key>sourceTree</key>
			<string>&lt;group&gt;</string>
		</dict>
		<key>E7AA19F31D81367B006B5024</key>
		<dict>
			<key>fileRef</key>
			<string>E7AA19F21D81367B006B5024</string>
			<key>isa</key>
			<string>PBXBuildFile</string>
		</dict>
		<key>E7AA19F41D81367B006B5024</key>
		<dict>
			<key>children</key>
			<array>
				<string>E7AA19F51D81367B006B5024</string>
			</array>
			<key>isa</key>
			<string>PBXVariantGroup</string>
			<key>name</key>
			<string>LaunchScreen.storyboard</string>
			<key>sourceTree</key>
			<string>&lt;group&gt;</string>
		</dict>
		<key>E7AA19F51D81367B006B5024</key>
		<dict>
			<key>isa</key>
			<string>PBXFileReference</string>
			<key>lastKnownFileType</key>
			<string>file.storyboard</string>
			<key>name</key>
			<string>Base</string>
			<key>path</key>
			<string>Base.lproj/LaunchScreen.storyboard</string>
			<key>sourceTree</key>
			<string>&lt;group&gt;</string>
		</dict>
		<key>E7AA19F61D81367B006B5024</key>
		<dict>
			<key>fileRef</key>
			<string>E7AA19F41D81367B006B5024</string>
			<key>isa</key>
			<string>PBXBuildFile</string>
		</dict>
		<key>E7AA19F71D81367B006B5024</key>
		<dict>
			<key>isa</key>
			<string>PBXFileReference</string>
			<key>lastKnownFileType</key>
			<string>text.plist.xml</string>
			<key>path</key>
			<string>Info.plist</string>
			<key>sourceTree</key>
			<string>&lt;group&gt;</string>
		</dict>
		<key>E7AA19F81D81367B006B5024</key>
		<dict>
			<key>buildSettings</key>
			<dict>
				<key>ALWAYS_SEARCH_USER_PATHS</key>
				<string>NO</string>
				<key>CLANG_ANALYZER_NONNULL</key>
				<string>YES</string>
				<key>CLANG_CXX_LANGUAGE_STANDARD</key>
				<string>gnu++0x</string>
				<key>CLANG_CXX_LIBRARY</key>
				<string>libc++</string>
				<key>CLANG_ENABLE_MODULES</key>
				<string>YES</string>
				<key>CLANG_ENABLE_OBJC_ARC</key>
				<string>YES</string>
				<key>CLANG_WARN_BOOL_CONVERSION</key>
				<string>YES</string>
				<key>CLANG_WARN_CONSTANT_CONVERSION</key>
				<string>YES</string>
				<key>CLANG_WARN_DIRECT_OBJC_ISA_USAGE</key>
				<string>YES_ERROR</string>
				<key>CLANG_WARN_DOCUMENTATION_COMMENTS</key>
				<string>YES</string>
				<key>CLANG_WARN_EMPTY_BODY</key>
				<string>YES</string>
				<key>CLANG_WARN_ENUM_CONVERSION</key>
				<string>YES</string>
				<key>CLANG_WARN_INFINITE_RECURSION</key>
				<string>YES</string>
				<key>CLANG_WARN_INT_CONVERSION</key>
				<string>YES</string>
				<key>CLANG_WARN_OBJC_ROOT_CLASS</key>
				<string>YES_ERROR</string>
				<key>CLANG_WARN_SUSPICIOUS_MOVES</key>
				<string>YES</string>
				<key>CLANG_WARN_UNREACHABLE_CODE</key>
				<string>YES</string>
				<key>CLANG_WARN__DUPLICATE_METHOD_MATCH</key>
				<string>YES</string>
				<key>CODE_SIGN_IDENTITY[sdk=iphoneos*]</key>
				<string>iPhone Developer</string>
				<key>COPY_PHASE_STRIP</key>
				<string>NO</string>
				<key>DEBUG_INFORMATION_FORMAT</key>
				<string>dwarf</string>
				<key>ENABLE_STRICT_OBJC_MSGSEND</key>
				<string>YES</string>
				<key>ENABLE_TESTABILITY</key>
				<string>YES</string>
				<key>GCC_C_LANGUAGE_STANDARD</key>
				<string>gnu99</string>
				<key>GCC_DYNAMIC_NO_PIC</key>
				<string>NO</string>
				<key>GCC_NO_COMMON_BLOCKS</key>
				<string>YES</string>
				<key>GCC_OPTIMIZATION_LEVEL</key>
				<string>0</string>
				<key>GCC_PREPROCESSOR_DEFINITIONS</key>
				<array>
					<string>DEBUG=1</string>
					<string>$(inherited)</string>
				</array>
				<key>GCC_WARN_64_TO_32_BIT_CONVERSION</key>
				<string>YES</string>
				<key>GCC_WARN_ABOUT_RETURN_TYPE</key>
				<string>YES_ERROR</string>
				<key>GCC_WARN_UNDECLARED_SELECTOR</key>
				<string>YES</string>
				<key>GCC_WARN_UNINITIALIZED_AUTOS</key>
				<string>YES_AGGRESSIVE</string>
				<key>GCC_WARN_UNUSED_FUNCTION</key>
				<string>YES</string>
				<key>GCC_WARN_UNUSED_VARIABLE</key>
				<string>YES</string>
				<key>IPHONEOS_DEPLOYMENT_TARGET</key>
				<string>10.0</string>
				<key>MTL_ENABLE_DEBUG_INFO</key>
				<string>YES</string>
				<key>ONLY_ACTIVE_ARCH</key>
				<string>YES</string>
				<key>SDKROOT</key>
				<string>iphoneos</string>
				<key>SWIFT_ACTIVE_COMPILATION_CONDITIONS</key>
				<string>DEBUG</string>
				<key>SWIFT_OPTIMIZATION_LEVEL</key>
				<string>-Onone</string>
			</dict>
			<key>isa</key>
			<string>XCBuildConfiguration</string>
			<key>name</key>
			<string>Debug</string>
		</dict>
		<key>E7AA19F91D81367B006B5024</key>
		<dict>
			<key>buildSettings</key>
			<dict>
				<key>ALWAYS_SEARCH_USER_PATHS</key>
				<string>NO</string>
				<key>CLANG_ANALYZER_NONNULL</key>
				<string>YES</string>
				<key>CLANG_CXX_LANGUAGE_STANDARD</key>
				<string>gnu++0x</string>
				<key>CLANG_CXX_LIBRARY</key>
				<string>libc++</string>
				<key>CLANG_ENABLE_MODULES</key>
				<string>YES</string>
				<key>CLANG_ENABLE_OBJC_ARC</key>
				<string>YES</string>
				<key>CLANG_WARN_BOOL_CONVERSION</key>
				<string>YES</string>
				<key>CLANG_WARN_CONSTANT_CONVERSION</key>
				<string>YES</string>
				<key>CLANG_WARN_DIRECT_OBJC_ISA_USAGE</key>
				<string>YES_ERROR</string>
				<key>CLANG_WARN_DOCUMENTATION_COMMENTS</key>
				<string>YES</string>
				<key>CLANG_WARN_EMPTY_BODY</key>
				<string>YES</string>
				<key>CLANG_WARN_ENUM_CONVERSION</key>
				<string>YES</string>
				<key>CLANG_WARN_INFINITE_RECURSION</key>
				<string>YES</string>
				<key>CLANG_WARN_INT_CONVERSION</key>
				<string>YES</string>
				<key>CLANG_WARN_OBJC_ROOT_CLASS</key>
				<string>YES_ERROR</string>
				<key>CLANG_WARN_SUSPICIOUS_MOVES</key>
				<string>YES</string>
				<key>CLANG_WARN_UNREACHABLE_CODE</key>
				<string>YES</string>
				<key>CLANG_WARN__DUPLICATE_METHOD_MATCH</key>
				<string>YES</string>
				<key>CODE_SIGN_IDENTITY[sdk=iphoneos*]</key>
				<string>iPhone Developer</string>
				<key>COPY_PHASE_STRIP</key>
				<string>NO</string>
				<key>DEBUG_INFORMATION_FORMAT</key>
				<string>dwarf-with-dsym</string>
				<key>ENABLE_NS_ASSERTIONS</key>
				<string>NO</string>
				<key>ENABLE_STRICT_OBJC_MSGSEND</key>
				<string>YES</string>
				<key>GCC_C_LANGUAGE_STANDARD</key>
				<string>gnu99</string>
				<key>GCC_NO_COMMON_BLOCKS</key>
				<string>YES</string>
				<key>GCC_WARN_64_TO_32_BIT_CONVERSION</key>
				<string>YES</string>
				<key>GCC_WARN_ABOUT_RETURN_TYPE</key>
				<string>YES_ERROR</string>
				<key>GCC_WARN_UNDECLARED_SELECTOR</key>
				<string>YES</string>
				<key>GCC_WARN_UNINITIALIZED_AUTOS</key>
				<string>YES_AGGRESSIVE</string>
				<key>GCC_WARN_UNUSED_FUNCTION</key>
				<string>YES</string>
				<key>GCC_WARN_UNUSED_VARIABLE</key>
				<string>YES</string>
				<key>IPHONEOS_DEPLOYMENT_TARGET</key>
				<string>10.0</string>
				<key>MTL_ENABLE_DEBUG_INFO</key>
				<string>NO</string>
				<key>SDKROOT</key>
				<string>iphoneos</string>
				<key>SWIFT_OPTIMIZATION_LEVEL</key>
				<string>-Owholemodule</string>
				<key>VALIDATE_PRODUCT</key>
				<string>YES</string>
			</dict>
			<key>isa</key>
			<string>XCBuildConfiguration</string>
			<key>name</key>
			<string>Release</string>
		</dict>
		<key>E7AA19FA1D81367B006B5024</key>
		<dict>
			<key>buildConfigurations</key>
			<array>
				<string>E7AA19FB1D81367B006B5024</string>
				<string>E7AA19FC1D81367B006B5024</string>
			</array>
			<key>defaultConfigurationIsVisible</key>
			<string>0</string>
			<key>defaultConfigurationName</key>
			<string>Release</string>
			<key>isa</key>
			<string>XCConfigurationList</string>
		</dict>
		<key>E7AA19FB1D81367B006B5024</key>
		<dict>
			<key>baseConfigurationReference</key>
			<string>6D117DFF23E84EA95E56CE54</string>
			<key>buildSettings</key>
			<dict>
				<key>ASSETCATALOG_COMPILER_APPICON_NAME</key>
				<string>AppIcon</string>
				<key>ASSETCATALOG_COMPILER_LAUNCHIMAGE_NAME</key>
				<string>LaunchImage</string>
				<key>DEVELOPMENT_TEAM</key>
				<string>8QX4385746</string>
				<key>INFOPLIST_FILE</key>
				<string>YUWieBo/Info.plist</string>
				<key>IPHONEOS_DEPLOYMENT_TARGET</key>
				<string>9.0</string>
				<key>LD_RUNPATH_SEARCH_PATHS</key>
				<string>$(inherited) @executable_path/Frameworks</string>
				<key>PRODUCT_BUNDLE_IDENTIFIER</key>
				<string>com.han.YUWieBo</string>
				<key>PRODUCT_NAME</key>
				<string>$(TARGET_NAME)</string>
				<key>SWIFT_VERSION</key>
				<string>3.0</string>
			</dict>
			<key>isa</key>
			<string>XCBuildConfiguration</string>
			<key>name</key>
			<string>Debug</string>
		</dict>
		<key>E7AA19FC1D81367B006B5024</key>
		<dict>
			<key>baseConfigurationReference</key>
			<string>B41C7DF8D13B8D957B9DDF87</string>
			<key>buildSettings</key>
			<dict>
				<key>ASSETCATALOG_COMPILER_APPICON_NAME</key>
				<string>AppIcon</string>
				<key>ASSETCATALOG_COMPILER_LAUNCHIMAGE_NAME</key>
				<string>LaunchImage</string>
				<key>DEVELOPMENT_TEAM</key>
				<string>8QX4385746</string>
				<key>INFOPLIST_FILE</key>
				<string>YUWieBo/Info.plist</string>
				<key>IPHONEOS_DEPLOYMENT_TARGET</key>
				<string>9.0</string>
				<key>LD_RUNPATH_SEARCH_PATHS</key>
				<string>$(inherited) @executable_path/Frameworks</string>
				<key>PRODUCT_BUNDLE_IDENTIFIER</key>
				<string>com.han.YUWieBo</string>
				<key>PRODUCT_NAME</key>
				<string>$(TARGET_NAME)</string>
				<key>SWIFT_VERSION</key>
				<string>3.0</string>
			</dict>
			<key>isa</key>
			<string>XCBuildConfiguration</string>
			<key>name</key>
			<string>Release</string>
		</dict>
		<key>E7AA19FD1D813EE2006B5024</key>
		<dict>
			<key>children</key>
			<array>
				<string>E7AA1A001D813EE2006B5024</string>
				<string>E7AA19FF1D813EE2006B5024</string>
				<string>E7AA1A011D813EE2006B5024</string>
				<string>E7AA19FE1D813EE2006B5024</string>
				<string>E7AA1A021D813EE2006B5024</string>
				<string>E74915061D819FAD00231A37</string>
			</array>
			<key>isa</key>
			<string>PBXGroup</string>
			<key>path</key>
			<string>Classes</string>
			<key>sourceTree</key>
			<string>&lt;group&gt;</string>
		</dict>
		<key>E7AA19FE1D813EE2006B5024</key>
		<dict>
			<key>children</key>
			<array>
				<string>E7EFB4B81D816FB100FC7FA7</string>
				<string>E7AA1A0C1D815D2E006B5024</string>
			</array>
			<key>isa</key>
			<string>PBXGroup</string>
			<key>path</key>
			<string>Discover</string>
			<key>sourceTree</key>
			<string>&lt;group&gt;</string>
		</dict>
		<key>E7AA19FF1D813EE2006B5024</key>
		<dict>
			<key>children</key>
			<array>
				<string>E71A1F041D82B0B900F2A520</string>
				<string>E7EFB4B31D816F8200FC7FA7</string>
				<string>E7AA1A081D815CDB006B5024</string>
			</array>
			<key>isa</key>
			<string>PBXGroup</string>
			<key>path</key>
			<string>Home</string>
			<key>sourceTree</key>
			<string>&lt;group&gt;</string>
		</dict>
		<key>E7AA1A001D813EE2006B5024</key>
		<dict>
			<key>children</key>
			<array>
				<string>E7AA1A031D815C64006B5024</string>
				<string>E74451A51D81C91000262063</string>
				<string>E7AA1A061D815C9B006B5024</string>
			</array>
			<key>isa</key>
			<string>PBXGroup</string>
			<key>path</key>
			<string>Main</string>
			<key>sourceTree</key>
			<string>&lt;group&gt;</string>
		</dict>
		<key>E7AA1A011D813EE2006B5024</key>
		<dict>
			<key>children</key>
			<array>
				<string>E7EFB4B61D816F9A00FC7FA7</string>
				<string>E7AA1A0A1D815D12006B5024</string>
			</array>
			<key>isa</key>
			<string>PBXGroup</string>
			<key>path</key>
			<string>Message</string>
			<key>sourceTree</key>
			<string>&lt;group&gt;</string>
		</dict>
		<key>E7AA1A021D813EE2006B5024</key>
		<dict>
			<key>children</key>
			<array>
				<string>E7EFB4BB1D816FC700FC7FA7</string>
				<string>E7AA1A0E1D815D47006B5024</string>
			</array>
			<key>isa</key>
			<string>PBXGroup</string>
			<key>path</key>
			<string>Profile</string>
			<key>sourceTree</key>
			<string>&lt;group&gt;</string>
		</dict>
		<key>E7AA1A031D815C64006B5024</key>
		<dict>
			<key>children</key>
			<array>
				<string>E7EFB4BD1D81734F00FC7FA7</string>
				<string>E7AA1A041D815C64006B5024</string>
			</array>
			<key>isa</key>
			<string>PBXGroup</string>
			<key>path</key>
			<string>Resource</string>
			<key>sourceTree</key>
			<string>&lt;group&gt;</string>
		</dict>
		<key>E7AA1A041D815C64006B5024</key>
		<dict>
			<key>fileEncoding</key>
			<string>4</string>
			<key>isa</key>
			<string>PBXFileReference</string>
			<key>lastKnownFileType</key>
			<string>text.json</string>
			<key>path</key>
			<string>MainVCSettings.json</string>
			<key>sourceTree</key>
			<string>&lt;group&gt;</string>
		</dict>
		<key>E7AA1A051D815C64006B5024</key>
		<dict>
			<key>fileRef</key>
			<string>E7AA1A041D815C64006B5024</string>
			<key>isa</key>
			<string>PBXBuildFile</string>
		</dict>
		<key>E7AA1A061D815C9B006B5024</key>
		<dict>
			<key>fileEncoding</key>
			<string>4</string>
			<key>isa</key>
			<string>PBXFileReference</string>
			<key>lastKnownFileType</key>
			<string>sourcecode.swift</string>
			<key>path</key>
			<string>MainViewController.swift</string>
			<key>sourceTree</key>
			<string>&lt;group&gt;</string>
		</dict>
		<key>E7AA1A071D815C9B006B5024</key>
		<dict>
			<key>fileRef</key>
			<string>E7AA1A061D815C9B006B5024</string>
			<key>isa</key>
			<string>PBXBuildFile</string>
		</dict>
		<key>E7AA1A081D815CDB006B5024</key>
		<dict>
			<key>fileEncoding</key>
			<string>4</string>
			<key>isa</key>
			<string>PBXFileReference</string>
			<key>lastKnownFileType</key>
			<string>sourcecode.swift</string>
			<key>path</key>
			<string>HomeViewController.swift</string>
			<key>sourceTree</key>
			<string>&lt;group&gt;</string>
		</dict>
		<key>E7AA1A091D815CDB006B5024</key>
		<dict>
			<key>fileRef</key>
			<string>E7AA1A081D815CDB006B5024</string>
			<key>isa</key>
			<string>PBXBuildFile</string>
		</dict>
		<key>E7AA1A0A1D815D12006B5024</key>
		<dict>
			<key>fileEncoding</key>
			<string>4</string>
			<key>isa</key>
			<string>PBXFileReference</string>
			<key>lastKnownFileType</key>
			<string>sourcecode.swift</string>
			<key>path</key>
			<string>MessageViewController.swift</string>
			<key>sourceTree</key>
			<string>&lt;group&gt;</string>
		</dict>
		<key>E7AA1A0B1D815D12006B5024</key>
		<dict>
			<key>fileRef</key>
			<string>E7AA1A0A1D815D12006B5024</string>
			<key>isa</key>
			<string>PBXBuildFile</string>
		</dict>
		<key>E7AA1A0C1D815D2E006B5024</key>
		<dict>
			<key>fileEncoding</key>
			<string>4</string>
			<key>isa</key>
			<string>PBXFileReference</string>
			<key>lastKnownFileType</key>
			<string>sourcecode.swift</string>
			<key>path</key>
			<string>DiscoverViewController.swift</string>
			<key>sourceTree</key>
			<string>&lt;group&gt;</string>
		</dict>
		<key>E7AA1A0D1D815D2E006B5024</key>
		<dict>
			<key>fileRef</key>
			<string>E7AA1A0C1D815D2E006B5024</string>
			<key>isa</key>
			<string>PBXBuildFile</string>
		</dict>
		<key>E7AA1A0E1D815D47006B5024</key>
		<dict>
			<key>fileEncoding</key>
			<string>4</string>
			<key>isa</key>
			<string>PBXFileReference</string>
			<key>lastKnownFileType</key>
			<string>sourcecode.swift</string>
			<key>path</key>
			<string>ProfileViewController.swift</string>
			<key>sourceTree</key>
			<string>&lt;group&gt;</string>
		</dict>
		<key>E7AA1A0F1D815D47006B5024</key>
		<dict>
			<key>fileRef</key>
			<string>E7AA1A0E1D815D47006B5024</string>
			<key>isa</key>
			<string>PBXBuildFile</string>
		</dict>
		<key>E7EFB4B31D816F8200FC7FA7</key>
		<dict>
			<key>children</key>
			<array>
				<string>E7EFB4B41D816F8200FC7FA7</string>
			</array>
			<key>isa</key>
			<string>PBXVariantGroup</string>
			<key>name</key>
			<string>Home.storyboard</string>
			<key>path</key>
			<string>../..</string>
			<key>sourceTree</key>
			<string>&lt;group&gt;</string>
		</dict>
		<key>E7EFB4B41D816F8200FC7FA7</key>
		<dict>
			<key>isa</key>
			<string>PBXFileReference</string>
			<key>lastKnownFileType</key>
			<string>file.storyboard</string>
			<key>name</key>
			<string>Base</string>
			<key>path</key>
			<string>Base.lproj/Home.storyboard</string>
			<key>sourceTree</key>
			<string>&lt;group&gt;</string>
		</dict>
		<key>E7EFB4B51D816F8200FC7FA7</key>
		<dict>
			<key>fileRef</key>
			<string>E7EFB4B31D816F8200FC7FA7</string>
			<key>isa</key>
			<string>PBXBuildFile</string>
		</dict>
		<key>E7EFB4B61D816F9A00FC7FA7</key>
		<dict>
			<key>fileEncoding</key>
			<string>4</string>
			<key>isa</key>
			<string>PBXFileReference</string>
			<key>lastKnownFileType</key>
			<string>file.storyboard</string>
			<key>name</key>
			<string>Message.storyboard</string>
			<key>path</key>
			<string>../../Message.storyboard</string>
			<key>sourceTree</key>
			<string>&lt;group&gt;</string>
		</dict>
		<key>E7EFB4B71D816F9A00FC7FA7</key>
		<dict>
			<key>fileRef</key>
			<string>E7EFB4B61D816F9A00FC7FA7</string>
			<key>isa</key>
			<string>PBXBuildFile</string>
		</dict>
		<key>E7EFB4B81D816FB100FC7FA7</key>
		<dict>
			<key>children</key>
			<array>
				<string>E7EFB4B91D816FB100FC7FA7</string>
			</array>
			<key>isa</key>
			<string>PBXVariantGroup</string>
			<key>name</key>
			<string>Discover.storyboard</string>
			<key>path</key>
			<string>../..</string>
			<key>sourceTree</key>
			<string>&lt;group&gt;</string>
		</dict>
		<key>E7EFB4B91D816FB100FC7FA7</key>
		<dict>
			<key>isa</key>
			<string>PBXFileReference</string>
			<key>lastKnownFileType</key>
			<string>file.storyboard</string>
			<key>name</key>
			<string>Base</string>
			<key>path</key>
			<string>Base.lproj/Discover.storyboard</string>
			<key>sourceTree</key>
			<string>&lt;group&gt;</string>
		</dict>
		<key>E7EFB4BA1D816FB100FC7FA7</key>
		<dict>
			<key>fileRef</key>
			<string>E7EFB4B81D816FB100FC7FA7</string>
			<key>isa</key>
			<string>PBXBuildFile</string>
		</dict>
		<key>E7EFB4BB1D816FC700FC7FA7</key>
		<dict>
			<key>fileEncoding</key>
			<string>4</string>
			<key>isa</key>
			<string>PBXFileReference</string>
			<key>lastKnownFileType</key>
			<string>file.storyboard</string>
			<key>name</key>
			<string>Profile.storyboard</string>
			<key>path</key>
			<string>../../Profile.storyboard</string>
			<key>sourceTree</key>
			<string>&lt;group&gt;</string>
		</dict>
		<key>E7EFB4BC1D816FC700FC7FA7</key>
		<dict>
			<key>fileRef</key>
			<string>E7EFB4BB1D816FC700FC7FA7</string>
			<key>isa</key>
			<string>PBXBuildFile</string>
		</dict>
		<key>E7EFB4BD1D81734F00FC7FA7</key>
		<dict>
			<key>children</key>
			<array>
				<string>E7EFB4BE1D81734F00FC7FA7</string>
			</array>
			<key>isa</key>
			<string>PBXVariantGroup</string>
			<key>name</key>
			<string>Null.storyboard</string>
			<key>path</key>
			<string>../../..</string>
			<key>sourceTree</key>
			<string>&lt;group&gt;</string>
		</dict>
		<key>E7EFB4BE1D81734F00FC7FA7</key>
		<dict>
			<key>isa</key>
			<string>PBXFileReference</string>
			<key>lastKnownFileType</key>
			<string>file.storyboard</string>
			<key>name</key>
			<string>Base</string>
			<key>path</key>
			<string>Base.lproj/Null.storyboard</string>
			<key>sourceTree</key>
			<string>&lt;group&gt;</string>
		</dict>
		<key>E7EFB4BF1D81734F00FC7FA7</key>
		<dict>
			<key>fileRef</key>
			<string>E7EFB4BD1D81734F00FC7FA7</string>
			<key>isa</key>
			<string>PBXBuildFile</string>
		</dict>
	</dict>
	<key>rootObject</key>
	<string>E7AA19E01D81367B006B5024</string>
</dict>
</plist>
