// !$*UTF8*$!
{
	archiveVersion = 1;
	classes = {
	};
	objectVersion = 46;
	objects = {

/* Begin PBXBuildFile section */
		E74451A81D81C91000262063 /* BaseViewController.swift in Sources */ = {isa = PBXBuildFile; fileRef = E74451A61D81C91000262063 /* BaseViewController.swift */; };
		E74451A91D81C91000262063 /* VisitorView.swift in Sources */ = {isa = PBXBuildFile; fileRef = E74451A71D81C91000262063 /* VisitorView.swift */; };
		E74451AB1D81C92900262063 /* VisitorView.xib in Resources */ = {isa = PBXBuildFile; fileRef = E74451AA1D81C92900262063 /* VisitorView.xib */; };
		E74915091D819FEC00231A37 /* UIButton_extension.swift in Sources */ = {isa = PBXBuildFile; fileRef = E74915081D819FEC00231A37 /* UIButton_extension.swift */; };
		E7AA19EC1D81367B006B5024 /* AppDelegate.swift in Sources */ = {isa = PBXBuildFile; fileRef = E7AA19EB1D81367B006B5024 /* AppDelegate.swift */; };
		E7AA19F11D81367B006B5024 /* Main.storyboard in Resources */ = {isa = PBXBuildFile; fileRef = E7AA19EF1D81367B006B5024 /* Main.storyboard */; };
		E7AA19F31D81367B006B5024 /* Assets.xcassets in Resources */ = {isa = PBXBuildFile; fileRef = E7AA19F21D81367B006B5024 /* Assets.xcassets */; };
		E7AA19F61D81367B006B5024 /* LaunchScreen.storyboard in Resources */ = {isa = PBXBuildFile; fileRef = E7AA19F41D81367B006B5024 /* LaunchScreen.storyboard */; };
		E7AA1A051D815C64006B5024 /* MainVCSettings.json in Resources */ = {isa = PBXBuildFile; fileRef = E7AA1A041D815C64006B5024 /* MainVCSettings.json */; };
		E7AA1A071D815C9B006B5024 /* MainViewController.swift in Sources */ = {isa = PBXBuildFile; fileRef = E7AA1A061D815C9B006B5024 /* MainViewController.swift */; };
		E7AA1A091D815CDB006B5024 /* HomeViewController.swift in Sources */ = {isa = PBXBuildFile; fileRef = E7AA1A081D815CDB006B5024 /* HomeViewController.swift */; };
		E7AA1A0B1D815D12006B5024 /* MessageViewController.swift in Sources */ = {isa = PBXBuildFile; fileRef = E7AA1A0A1D815D12006B5024 /* MessageViewController.swift */; };
		E7AA1A0D1D815D2E006B5024 /* DiscoverViewController.swift in Sources */ = {isa = PBXBuildFile; fileRef = E7AA1A0C1D815D2E006B5024 /* DiscoverViewController.swift */; };
		E7AA1A0F1D815D47006B5024 /* ProfileViewController.swift in Sources */ = {isa = PBXBuildFile; fileRef = E7AA1A0E1D815D47006B5024 /* ProfileViewController.swift */; };
		E7EFB4B51D816F8200FC7FA7 /* Home.storyboard in Resources */ = {isa = PBXBuildFile; fileRef = E7EFB4B31D816F8200FC7FA7 /* Home.storyboard */; };
		E7EFB4B71D816F9A00FC7FA7 /* Message.storyboard in Resources */ = {isa = PBXBuildFile; fileRef = E7EFB4B61D816F9A00FC7FA7 /* Message.storyboard */; };
		E7EFB4BA1D816FB100FC7FA7 /* Discover.storyboard in Resources */ = {isa = PBXBuildFile; fileRef = E7EFB4B81D816FB100FC7FA7 /* Discover.storyboard */; };
		E7EFB4BC1D816FC700FC7FA7 /* Profile.storyboard in Resources */ = {isa = PBXBuildFile; fileRef = E7EFB4BB1D816FC700FC7FA7 /* Profile.storyboard */; };
		E7EFB4BF1D81734F00FC7FA7 /* Null.storyboard in Resources */ = {isa = PBXBuildFile; fileRef = E7EFB4BD1D81734F00FC7FA7 /* Null.storyboard */; };
/* End PBXBuildFile section */

/* Begin PBXFileReference section */
		E74451A61D81C91000262063 /* BaseViewController.swift */ = {isa = PBXFileReference; fileEncoding = 4; lastKnownFileType = sourcecode.swift; path = BaseViewController.swift; sourceTree = "<group>"; };
		E74451A71D81C91000262063 /* VisitorView.swift */ = {isa = PBXFileReference; fileEncoding = 4; lastKnownFileType = sourcecode.swift; path = VisitorView.swift; sourceTree = "<group>"; };
		E74451AA1D81C92900262063 /* VisitorView.xib */ = {isa = PBXFileReference; fileEncoding = 4; lastKnownFileType = file.xib; path = VisitorView.xib; sourceTree = "<group>"; };
		E74915081D819FEC00231A37 /* UIButton_extension.swift */ = {isa = PBXFileReference; fileEncoding = 4; lastKnownFileType = sourcecode.swift; path = UIButton_extension.swift; sourceTree = "<group>"; };
		E7AA19E81D81367B006B5024 /* YUWieBo.app */ = {isa = PBXFileReference; explicitFileType = wrapper.application; includeInIndex = 0; path = YUWieBo.app; sourceTree = BUILT_PRODUCTS_DIR; };
		E7AA19EB1D81367B006B5024 /* AppDelegate.swift */ = {isa = PBXFileReference; lastKnownFileType = sourcecode.swift; path = AppDelegate.swift; sourceTree = "<group>"; };
		E7AA19F01D81367B006B5024 /* Base */ = {isa = PBXFileReference; lastKnownFileType = file.storyboard; name = Base; path = Base.lproj/Main.storyboard; sourceTree = "<group>"; };
		E7AA19F21D81367B006B5024 /* Assets.xcassets */ = {isa = PBXFileReference; lastKnownFileType = folder.assetcatalog; path = Assets.xcassets; sourceTree = "<group>"; };
		E7AA19F51D81367B006B5024 /* Base */ = {isa = PBXFileReference; lastKnownFileType = file.storyboard; name = Base; path = Base.lproj/LaunchScreen.storyboard; sourceTree = "<group>"; };
		E7AA19F71D81367B006B5024 /* Info.plist */ = {isa = PBXFileReference; lastKnownFileType = text.plist.xml; path = Info.plist; sourceTree = "<group>"; };
		E7AA1A041D815C64006B5024 /* MainVCSettings.json */ = {isa = PBXFileReference; fileEncoding = 4; lastKnownFileType = text.json; path = MainVCSettings.json; sourceTree = "<group>"; };
		E7AA1A061D815C9B006B5024 /* MainViewController.swift */ = {isa = PBXFileReference; fileEncoding = 4; lastKnownFileType = sourcecode.swift; path = MainViewController.swift; sourceTree = "<group>"; };
		E7AA1A081D815CDB006B5024 /* HomeViewController.swift */ = {isa = PBXFileReference; fileEncoding = 4; lastKnownFileType = sourcecode.swift; path = HomeViewController.swift; sourceTree = "<group>"; };
		E7AA1A0A1D815D12006B5024 /* MessageViewController.swift */ = {isa = PBXFileReference; fileEncoding = 4; lastKnownFileType = sourcecode.swift; path = MessageViewController.swift; sourceTree = "<group>"; };
		E7AA1A0C1D815D2E006B5024 /* DiscoverViewController.swift */ = {isa = PBXFileReference; fileEncoding = 4; lastKnownFileType = sourcecode.swift; path = DiscoverViewController.swift; sourceTree = "<group>"; };
		E7AA1A0E1D815D47006B5024 /* ProfileViewController.swift */ = {isa = PBXFileReference; fileEncoding = 4; lastKnownFileType = sourcecode.swift; path = ProfileViewController.swift; sourceTree = "<group>"; };
		E7EFB4B41D816F8200FC7FA7 /* Base */ = {isa = PBXFileReference; lastKnownFileType = file.storyboard; name = Base; path = Base.lproj/Home.storyboard; sourceTree = "<group>"; };
		E7EFB4B61D816F9A00FC7FA7 /* Message.storyboard */ = {isa = PBXFileReference; fileEncoding = 4; lastKnownFileType = file.storyboard; name = Message.storyboard; path = ../../Message.storyboard; sourceTree = "<group>"; };
		E7EFB4B91D816FB100FC7FA7 /* Base */ = {isa = PBXFileReference; lastKnownFileType = file.storyboard; name = Base; path = Base.lproj/Discover.storyboard; sourceTree = "<group>"; };
		E7EFB4BB1D816FC700FC7FA7 /* Profile.storyboard */ = {isa = PBXFileReference; fileEncoding = 4; lastKnownFileType = file.storyboard; name = Profile.storyboard; path = ../../Profile.storyboard; sourceTree = "<group>"; };
		E7EFB4BE1D81734F00FC7FA7 /* Base */ = {isa = PBXFileReference; lastKnownFileType = file.storyboard; name = Base; path = Base.lproj/Null.storyboard; sourceTree = "<group>"; };
/* End PBXFileReference section */

/* Begin PBXFrameworksBuildPhase section */
		E7AA19E51D81367B006B5024 /* Frameworks */ = {
			isa = PBXFrameworksBuildPhase;
			buildActionMask = 2147483647;
			files = (
			);
			runOnlyForDeploymentPostprocessing = 0;
		};
/* End PBXFrameworksBuildPhase section */

/* Begin PBXGroup section */
		E74451A51D81C91000262063 /* Visitor */ = {
			isa = PBXGroup;
			children = (
				E74451A61D81C91000262063 /* BaseViewController.swift */,
				E74451A71D81C91000262063 /* VisitorView.swift */,
				E74451AA1D81C92900262063 /* VisitorView.xib */,
			);
			path = Visitor;
			sourceTree = "<group>";
		};
		E74915061D819FAD00231A37 /* Tools */ = {
			isa = PBXGroup;
			children = (
				E74915071D819FAD00231A37 /* extension */,
			);
			path = Tools;
			sourceTree = "<group>";
		};
		E74915071D819FAD00231A37 /* extension */ = {
			isa = PBXGroup;
			children = (
				E74915081D819FEC00231A37 /* UIButton_extension.swift */,
			);
			path = extension;
			sourceTree = "<group>";
		};
		E7AA19DF1D81367B006B5024 = {
			isa = PBXGroup;
			children = (
				E7AA19EA1D81367B006B5024 /* YUWieBo */,
				E7AA19E91D81367B006B5024 /* Products */,
			);
			sourceTree = "<group>";
		};
		E7AA19E91D81367B006B5024 /* Products */ = {
			isa = PBXGroup;
			children = (
				E7AA19E81D81367B006B5024 /* YUWieBo.app */,
			);
			name = Products;
			sourceTree = "<group>";
		};
		E7AA19EA1D81367B006B5024 /* YUWieBo */ = {
			isa = PBXGroup;
			children = (
				E7AA19FD1D813EE2006B5024 /* Classes */,
				E7AA19EB1D81367B006B5024 /* AppDelegate.swift */,
				E7AA19EF1D81367B006B5024 /* Main.storyboard */,
				E7AA19F21D81367B006B5024 /* Assets.xcassets */,
				E7AA19F41D81367B006B5024 /* LaunchScreen.storyboard */,
				E7AA19F71D81367B006B5024 /* Info.plist */,
			);
			path = YUWieBo;
			sourceTree = "<group>";
		};
		E7AA19FD1D813EE2006B5024 /* Classes */ = {
			isa = PBXGroup;
			children = (
				E7AA1A001D813EE2006B5024 /* Main */,
				E7AA19FF1D813EE2006B5024 /* Home */,
				E7AA1A011D813EE2006B5024 /* Message */,
				E7AA19FE1D813EE2006B5024 /* Discover */,
				E7AA1A021D813EE2006B5024 /* Profile */,
				E74915061D819FAD00231A37 /* Tools */,
			);
			path = Classes;
			sourceTree = "<group>";
		};
		E7AA19FE1D813EE2006B5024 /* Discover */ = {
			isa = PBXGroup;
			children = (
				E7EFB4B81D816FB100FC7FA7 /* Discover.storyboard */,
				E7AA1A0C1D815D2E006B5024 /* DiscoverViewController.swift */,
			);
			path = Discover;
			sourceTree = "<group>";
		};
		E7AA19FF1D813EE2006B5024 /* Home */ = {
			isa = PBXGroup;
			children = (
				E7EFB4B31D816F8200FC7FA7 /* Home.storyboard */,
				E7AA1A081D815CDB006B5024 /* HomeViewController.swift */,
			);
			path = Home;
			sourceTree = "<group>";
		};
		E7AA1A001D813EE2006B5024 /* Main */ = {
			isa = PBXGroup;
			children = (
				E7AA1A031D815C64006B5024 /* Resource */,
				E74451A51D81C91000262063 /* Visitor */,
				E7AA1A061D815C9B006B5024 /* MainViewController.swift */,
			);
			path = Main;
			sourceTree = "<group>";
		};
		E7AA1A011D813EE2006B5024 /* Message */ = {
			isa = PBXGroup;
			children = (
				E7EFB4B61D816F9A00FC7FA7 /* Message.storyboard */,
				E7AA1A0A1D815D12006B5024 /* MessageViewController.swift */,
			);
			path = Message;
			sourceTree = "<group>";
		};
		E7AA1A021D813EE2006B5024 /* Profile */ = {
			isa = PBXGroup;
			children = (
				E7EFB4BB1D816FC700FC7FA7 /* Profile.storyboard */,
				E7AA1A0E1D815D47006B5024 /* ProfileViewController.swift */,
			);
			path = Profile;
			sourceTree = "<group>";
		};
		E7AA1A031D815C64006B5024 /* Resource */ = {
			isa = PBXGroup;
			children = (
				E7EFB4BD1D81734F00FC7FA7 /* Null.storyboard */,
				E7AA1A041D815C64006B5024 /* MainVCSettings.json */,
			);
			path = Resource;
			sourceTree = "<group>";
		};
/* End PBXGroup section */

/* Begin PBXNativeTarget section */
		E7AA19E71D81367B006B5024 /* YUWieBo */ = {
			isa = PBXNativeTarget;
			buildConfigurationList = E7AA19FA1D81367B006B5024 /* Build configuration list for PBXNativeTarget "YUWieBo" */;
			buildPhases = (
				E7AA19E41D81367B006B5024 /* Sources */,
				E7AA19E51D81367B006B5024 /* Frameworks */,
				E7AA19E61D81367B006B5024 /* Resources */,
			);
			buildRules = (
			);
			dependencies = (
			);
			name = YUWieBo;
			productName = YUWieBo;
			productReference = E7AA19E81D81367B006B5024 /* YUWieBo.app */;
			productType = "com.apple.product-type.application";
		};
/* End PBXNativeTarget section */

/* Begin PBXProject section */
		E7AA19E01D81367B006B5024 /* Project object */ = {
			isa = PBXProject;
			attributes = {
				LastSwiftUpdateCheck = 0800;
				LastUpgradeCheck = 0800;
				ORGANIZATIONNAME = han;
				TargetAttributes = {
					E7AA19E71D81367B006B5024 = {
						CreatedOnToolsVersion = 8.0;
						DevelopmentTeam = 8QX4385746;
						ProvisioningStyle = Automatic;
					};
				};
			};
			buildConfigurationList = E7AA19E31D81367B006B5024 /* Build configuration list for PBXProject "YUWieBo" */;
			compatibilityVersion = "Xcode 3.2";
			developmentRegion = English;
			hasScannedForEncodings = 0;
			knownRegions = (
				en,
				Base,
			);
			mainGroup = E7AA19DF1D81367B006B5024;
			productRefGroup = E7AA19E91D81367B006B5024 /* Products */;
			projectDirPath = "";
			projectRoot = "";
			targets = (
				E7AA19E71D81367B006B5024 /* YUWieBo */,
			);
		};
/* End PBXProject section */

/* Begin PBXResourcesBuildPhase section */
		E7AA19E61D81367B006B5024 /* Resources */ = {
			isa = PBXResourcesBuildPhase;
			buildActionMask = 2147483647;
			files = (
				E7AA19F61D81367B006B5024 /* LaunchScreen.storyboard in Resources */,
				E74451AB1D81C92900262063 /* VisitorView.xib in Resources */,
				E7EFB4B51D816F8200FC7FA7 /* Home.storyboard in Resources */,
				E7EFB4BC1D816FC700FC7FA7 /* Profile.storyboard in Resources */,
				E7AA19F31D81367B006B5024 /* Assets.xcassets in Resources */,
				E7AA1A051D815C64006B5024 /* MainVCSettings.json in Resources */,
				E7EFB4BF1D81734F00FC7FA7 /* Null.storyboard in Resources */,
				E7EFB4B71D816F9A00FC7FA7 /* Message.storyboard in Resources */,
				E7EFB4BA1D816FB100FC7FA7 /* Discover.storyboard in Resources */,
				E7AA19F11D81367B006B5024 /* Main.storyboard in Resources */,
			);
			runOnlyForDeploymentPostprocessing = 0;
		};
/* End PBXResourcesBuildPhase section */

/* Begin PBXSourcesBuildPhase section */
		E7AA19E41D81367B006B5024 /* Sources */ = {
			isa = PBXSourcesBuildPhase;
			buildActionMask = 2147483647;
			files = (
				E7AA1A0F1D815D47006B5024 /* ProfileViewController.swift in Sources */,
				E7AA19EC1D81367B006B5024 /* AppDelegate.swift in Sources */,
				E7AA1A071D815C9B006B5024 /* MainViewController.swift in Sources */,
				E7AA1A0B1D815D12006B5024 /* MessageViewController.swift in Sources */,
				E7AA1A091D815CDB006B5024 /* HomeViewController.swift in Sources */,
				E74451A81D81C91000262063 /* BaseViewController.swift in Sources */,
				E74451A91D81C91000262063 /* VisitorView.swift in Sources */,
				E7AA1A0D1D815D2E006B5024 /* DiscoverViewController.swift in Sources */,
				E74915091D819FEC00231A37 /* UIButton_extension.swift in Sources */,
			);
			runOnlyForDeploymentPostprocessing = 0;
		};
/* End PBXSourcesBuildPhase section */

/* Begin PBXVariantGroup section */
		E7AA19EF1D81367B006B5024 /* Main.storyboard */ = {
			isa = PBXVariantGroup;
			children = (
				E7AA19F01D81367B006B5024 /* Base */,
			);
			name = Main.storyboard;
			sourceTree = "<group>";
		};
		E7AA19F41D81367B006B5024 /* LaunchScreen.storyboard */ = {
			isa = PBXVariantGroup;
			children = (
				E7AA19F51D81367B006B5024 /* Base */,
			);
			name = LaunchScreen.storyboard;
			sourceTree = "<group>";
		};
		E7EFB4B31D816F8200FC7FA7 /* Home.storyboard */ = {
			isa = PBXVariantGroup;
			children = (
				E7EFB4B41D816F8200FC7FA7 /* Base */,
			);
			name = Home.storyboard;
			path = ../..;
			sourceTree = "<group>";
		};
		E7EFB4B81D816FB100FC7FA7 /* Discover.storyboard */ = {
			isa = PBXVariantGroup;
			children = (
				E7EFB4B91D816FB100FC7FA7 /* Base */,
			);
			name = Discover.storyboard;
			path = ../..;
			sourceTree = "<group>";
		};
		E7EFB4BD1D81734F00FC7FA7 /* Null.storyboard */ = {
			isa = PBXVariantGroup;
			children = (
				E7EFB4BE1D81734F00FC7FA7 /* Base */,
			);
			name = Null.storyboard;
			path = ../../..;
			sourceTree = "<group>";
		};
/* End PBXVariantGroup section */

/* Begin XCBuildConfiguration section */
		E7AA19F81D81367B006B5024 /* Debug */ = {
			isa = XCBuildConfiguration;
			buildSettings = {
				ALWAYS_SEARCH_USER_PATHS = NO;
				CLANG_ANALYZER_NONNULL = YES;
				CLANG_CXX_LANGUAGE_STANDARD = "gnu++0x";
				CLANG_CXX_LIBRARY = "libc++";
				CLANG_ENABLE_MODULES = YES;
				CLANG_ENABLE_OBJC_ARC = YES;
				CLANG_WARN_BOOL_CONVERSION = YES;
				CLANG_WARN_CONSTANT_CONVERSION = YES;
				CLANG_WARN_DIRECT_OBJC_ISA_USAGE = YES_ERROR;
				CLANG_WARN_DOCUMENTATION_COMMENTS = YES;
				CLANG_WARN_EMPTY_BODY = YES;
				CLANG_WARN_ENUM_CONVERSION = YES;
				CLANG_WARN_INFINITE_RECURSION = YES;
				CLANG_WARN_INT_CONVERSION = YES;
				CLANG_WARN_OBJC_ROOT_CLASS = YES_ERROR;
				CLANG_WARN_SUSPICIOUS_MOVES = YES;
				CLANG_WARN_UNREACHABLE_CODE = YES;
				CLANG_WARN__DUPLICATE_METHOD_MATCH = YES;
				"CODE_SIGN_IDENTITY[sdk=iphoneos*]" = "iPhone Developer";
				COPY_PHASE_STRIP = NO;
				DEBUG_INFORMATION_FORMAT = dwarf;
				ENABLE_STRICT_OBJC_MSGSEND = YES;
				ENABLE_TESTABILITY = YES;
				GCC_C_LANGUAGE_STANDARD = gnu99;
				GCC_DYNAMIC_NO_PIC = NO;
				GCC_NO_COMMON_BLOCKS = YES;
				GCC_OPTIMIZATION_LEVEL = 0;
				GCC_PREPROCESSOR_DEFINITIONS = (
					"DEBUG=1",
					"$(inherited)",
				);
				GCC_WARN_64_TO_32_BIT_CONVERSION = YES;
				GCC_WARN_ABOUT_RETURN_TYPE = YES_ERROR;
				GCC_WARN_UNDECLARED_SELECTOR = YES;
				GCC_WARN_UNINITIALIZED_AUTOS = YES_AGGRESSIVE;
				GCC_WARN_UNUSED_FUNCTION = YES;
				GCC_WARN_UNUSED_VARIABLE = YES;
				IPHONEOS_DEPLOYMENT_TARGET = 10.0;
				MTL_ENABLE_DEBUG_INFO = YES;
				ONLY_ACTIVE_ARCH = YES;
				SDKROOT = iphoneos;
				SWIFT_ACTIVE_COMPILATION_CONDITIONS = DEBUG;
				SWIFT_OPTIMIZATION_LEVEL = "-Onone";
			};
			name = Debug;
		};
		E7AA19F91D81367B006B5024 /* Release */ = {
			isa = XCBuildConfiguration;
			buildSettings = {
				ALWAYS_SEARCH_USER_PATHS = NO;
				CLANG_ANALYZER_NONNULL = YES;
				CLANG_CXX_LANGUAGE_STANDARD = "gnu++0x";
				CLANG_CXX_LIBRARY = "libc++";
				CLANG_ENABLE_MODULES = YES;
				CLANG_ENABLE_OBJC_ARC = YES;
				CLANG_WARN_BOOL_CONVERSION = YES;
				CLANG_WARN_CONSTANT_CONVERSION = YES;
				CLANG_WARN_DIRECT_OBJC_ISA_USAGE = YES_ERROR;
				CLANG_WARN_DOCUMENTATION_COMMENTS = YES;
				CLANG_WARN_EMPTY_BODY = YES;
				CLANG_WARN_ENUM_CONVERSION = YES;
				CLANG_WARN_INFINITE_RECURSION = YES;
				CLANG_WARN_INT_CONVERSION = YES;
				CLANG_WARN_OBJC_ROOT_CLASS = YES_ERROR;
				CLANG_WARN_SUSPICIOUS_MOVES = YES;
				CLANG_WARN_UNREACHABLE_CODE = YES;
				CLANG_WARN__DUPLICATE_METHOD_MATCH = YES;
				"CODE_SIGN_IDENTITY[sdk=iphoneos*]" = "iPhone Developer";
				COPY_PHASE_STRIP = NO;
				DEBUG_INFORMATION_FORMAT = "dwarf-with-dsym";
				ENABLE_NS_ASSERTIONS = NO;
				ENABLE_STRICT_OBJC_MSGSEND = YES;
				GCC_C_LANGUAGE_STANDARD = gnu99;
				GCC_NO_COMMON_BLOCKS = YES;
				GCC_WARN_64_TO_32_BIT_CONVERSION = YES;
				GCC_WARN_ABOUT_RETURN_TYPE = YES_ERROR;
				GCC_WARN_UNDECLARED_SELECTOR = YES;
				GCC_WARN_UNINITIALIZED_AUTOS = YES_AGGRESSIVE;
				GCC_WARN_UNUSED_FUNCTION = YES;
				GCC_WARN_UNUSED_VARIABLE = YES;
				IPHONEOS_DEPLOYMENT_TARGET = 10.0;
				MTL_ENABLE_DEBUG_INFO = NO;
				SDKROOT = iphoneos;
				SWIFT_OPTIMIZATION_LEVEL = "-Owholemodule";
				VALIDATE_PRODUCT = YES;
			};
			name = Release;
		};
		E7AA19FB1D81367B006B5024 /* Debug */ = {
			isa = XCBuildConfiguration;
			buildSettings = {
				ASSETCATALOG_COMPILER_APPICON_NAME = AppIcon;
				ASSETCATALOG_COMPILER_LAUNCHIMAGE_NAME = LaunchImage;
				DEVELOPMENT_TEAM = 8QX4385746;
				INFOPLIST_FILE = YUWieBo/Info.plist;
				LD_RUNPATH_SEARCH_PATHS = "$(inherited) @executable_path/Frameworks";
				PRODUCT_BUNDLE_IDENTIFIER = com.han.YUWieBo;
				PRODUCT_NAME = "$(TARGET_NAME)";
				SWIFT_VERSION = 3.0;
			};
			name = Debug;
		};
		E7AA19FC1D81367B006B5024 /* Release */ = {
			isa = XCBuildConfiguration;
			buildSettings = {
				ASSETCATALOG_COMPILER_APPICON_NAME = AppIcon;
				ASSETCATALOG_COMPILER_LAUNCHIMAGE_NAME = LaunchImage;
				DEVELOPMENT_TEAM = 8QX4385746;
				INFOPLIST_FILE = YUWieBo/Info.plist;
				LD_RUNPATH_SEARCH_PATHS = "$(inherited) @executable_path/Frameworks";
				PRODUCT_BUNDLE_IDENTIFIER = com.han.YUWieBo;
				PRODUCT_NAME = "$(TARGET_NAME)";
				SWIFT_VERSION = 3.0;
			};
			name = Release;
		};
/* End XCBuildConfiguration section */

/* Begin XCConfigurationList section */
		E7AA19E31D81367B006B5024 /* Build configuration list for PBXProject "YUWieBo" */ = {
			isa = XCConfigurationList;
			buildConfigurations = (
				E7AA19F81D81367B006B5024 /* Debug */,
				E7AA19F91D81367B006B5024 /* Release */,
			);
			defaultConfigurationIsVisible = 0;
			defaultConfigurationName = Release;
		};
		E7AA19FA1D81367B006B5024 /* Build configuration list for PBXNativeTarget "YUWieBo" */ = {
			isa = XCConfigurationList;
			buildConfigurations = (
				E7AA19FB1D81367B006B5024 /* Debug */,
				E7AA19FC1D81367B006B5024 /* Release */,
			);
			defaultConfigurationIsVisible = 0;
			defaultConfigurationName = Release;
		};
/* End XCConfigurationList section */
	};
	rootObject = E7AA19E01D81367B006B5024 /* Project object */;
}
